{
  "object": {
    "pins": [
      {
        "package": "TerminalController",
        "repositoryURL": "https://github.com/enuance/TerminalController",
        "state": {
          "branch": null,
          "revision": "4b66fbee56f6ca12eb26da5c4e5c520deb805ade",
          "version": "0.0.2"
        }
      }
    ]
  },
  "version": 1
}
