{
  "object": {
    "pins": [
      {
        "package": "TerminalController",
        "repositoryURL": "https://github.com/enuance/TerminalController",
        "state": {
          "branch": null,
          "revision": "4ecc7f5aab3fc86b4eea34ebb665d1c550281333",
          "version": "0.0.1"
        }
      }
    ]
  },
  "version": 1
}
